
Microsoft Visual Studio Solution File, Format Version 12.00
# Visual Studio Version 16
VisualStudioVersion = 16.0.28803.202
MinimumVisualStudioVersion = 10.0.40219.1
Project("{FAE04EC0-301F-11D3-BF4B-00C04F79EFBC}") = "POST", "POST.csproj", "{A1AFBBFE-9634-4DAA-8C07-ED9DE0A439E3}"
EndProject
Global
	GlobalSection(SolutionConfigurationPlatforms) = preSolution
		Debug|Any CPU = Debug|Any CPU
		Release|Any CPU = Release|Any CPU
	EndGlobalSection
	GlobalSection(ProjectConfigurationPlatforms) = postSolution
		{A1AFBBFE-9634-4DAA-8C07-ED9DE0A439E3}.Debug|Any CPU.ActiveCfg = Debug|Any CPU
		{A1AFBBFE-9634-4DAA-8C07-ED9DE0A439E3}.Debug|Any CPU.Build.0 = Debug|Any CPU
		{A1AFBBFE-9634-4DAA-8C07-ED9DE0A439E3}.Release|Any CPU.ActiveCfg = Release|Any CPU
		{A1AFBBFE-9634-4DAA-8C07-ED9DE0A439E3}.Release|Any CPU.Build.0 = Release|Any CPU
	EndGlobalSection
	GlobalSection(SolutionProperties) = preSolution
		HideSolutionNode = FALSE
	EndGlobalSection
	GlobalSection(ExtensibilityGlobals) = postSolution
		SolutionGuid = {587A4D62-E2D8-42F1-9B86-15584D0DC32C}
	EndGlobalSection
EndGlobal
